
Microsoft Visual Studio Solution File, Format Version 11.00
# Visual Studio 2010
Project("{8BC9CEB8-8B4A-11D0-8D11-00A0C91BC942}") = "SCC", "SCC\SCC.vcxproj", "{865E0379-73D7-4F40-99FA-A81FDFCE4DAA}"
EndProject
Global
	GlobalSection(SolutionConfigurationPlatforms) = preSolution
		Debug|Win32 = Debug|Win32
		Release|Win32 = Release|Win32
	EndGlobalSection
	GlobalSection(ProjectConfigurationPlatforms) = postSolution
		{865E0379-73D7-4F40-99FA-A81FDFCE4DAA}.Debug|Win32.ActiveCfg = Debug|Win32
		{865E0379-73D7-4F40-99FA-A81FDFCE4DAA}.Debug|Win32.Build.0 = Debug|Win32
		{865E0379-73D7-4F40-99FA-A81FDFCE4DAA}.Release|Win32.ActiveCfg = Release|Win32
		{865E0379-73D7-4F40-99FA-A81FDFCE4DAA}.Release|Win32.Build.0 = Release|Win32
	EndGlobalSection
	GlobalSection(SolutionProperties) = preSolution
		HideSolutionNode = FALSE
	EndGlobalSection
EndGlobal
