
Microsoft Visual Studio Solution File, Format Version 11.00
# Visual Studio 2010
Project("{8BC9CEB8-8B4A-11D0-8D11-00A0C91BC942}") = "GreedyScheduling", "GreedyScheduling\GreedyScheduling.vcxproj", "{9E3215D2-119B-4B68-B5C2-EB821BB67375}"
EndProject
Global
	GlobalSection(SolutionConfigurationPlatforms) = preSolution
		Debug|Win32 = Debug|Win32
		Release|Win32 = Release|Win32
	EndGlobalSection
	GlobalSection(ProjectConfigurationPlatforms) = postSolution
		{9E3215D2-119B-4B68-B5C2-EB821BB67375}.Debug|Win32.ActiveCfg = Debug|Win32
		{9E3215D2-119B-4B68-B5C2-EB821BB67375}.Debug|Win32.Build.0 = Debug|Win32
		{9E3215D2-119B-4B68-B5C2-EB821BB67375}.Release|Win32.ActiveCfg = Release|Win32
		{9E3215D2-119B-4B68-B5C2-EB821BB67375}.Release|Win32.Build.0 = Release|Win32
	EndGlobalSection
	GlobalSection(SolutionProperties) = preSolution
		HideSolutionNode = FALSE
	EndGlobalSection
EndGlobal
